
Microsoft Visual Studio Solution File, Format Version 12.00
# Visual Studio Version 17
VisualStudioVersion = 17.2.32630.192
MinimumVisualStudioVersion = 10.0.40219.1
Project("{FAE04EC0-301F-11D3-BF4B-00C04F79EFBC}") = "Constant", "Constant\Constant.csproj", "{7D3417A8-7C3A-4C01-B6AC-A1A4B89A0615}"
EndProject
Project("{FAE04EC0-301F-11D3-BF4B-00C04F79EFBC}") = "Q_1", "Q_1\Q_1.csproj", "{BECD0D30-F1EF-4D3A-A3B8-0BFC0B8A831C}"
EndProject
Global
	GlobalSection(SolutionConfigurationPlatforms) = preSolution
		Debug|Any CPU = Debug|Any CPU
		Release|Any CPU = Release|Any CPU
	EndGlobalSection
	GlobalSection(ProjectConfigurationPlatforms) = postSolution
		{7D3417A8-7C3A-4C01-B6AC-A1A4B89A0615}.Debug|Any CPU.ActiveCfg = Debug|Any CPU
		{7D3417A8-7C3A-4C01-B6AC-A1A4B89A0615}.Debug|Any CPU.Build.0 = Debug|Any CPU
		{7D3417A8-7C3A-4C01-B6AC-A1A4B89A0615}.Release|Any CPU.ActiveCfg = Release|Any CPU
		{7D3417A8-7C3A-4C01-B6AC-A1A4B89A0615}.Release|Any CPU.Build.0 = Release|Any CPU
		{BECD0D30-F1EF-4D3A-A3B8-0BFC0B8A831C}.Debug|Any CPU.ActiveCfg = Debug|Any CPU
		{BECD0D30-F1EF-4D3A-A3B8-0BFC0B8A831C}.Debug|Any CPU.Build.0 = Debug|Any CPU
		{BECD0D30-F1EF-4D3A-A3B8-0BFC0B8A831C}.Release|Any CPU.ActiveCfg = Release|Any CPU
		{BECD0D30-F1EF-4D3A-A3B8-0BFC0B8A831C}.Release|Any CPU.Build.0 = Release|Any CPU
	EndGlobalSection
	GlobalSection(SolutionProperties) = preSolution
		HideSolutionNode = FALSE
	EndGlobalSection
	GlobalSection(ExtensibilityGlobals) = postSolution
		SolutionGuid = {7B9B975B-CC4A-4BA0-B2B5-736CCF771879}
	EndGlobalSection
EndGlobal
