
Microsoft Visual Studio Solution File, Format Version 12.00
# Visual Studio Version 17
VisualStudioVersion = 17.2.32630.192
MinimumVisualStudioVersion = 10.0.40219.1
Project("{FAE04EC0-301F-11D3-BF4B-00C04F79EFBC}") = "DoorLock", "DoorLock\DoorLock.csproj", "{B1EFFAF9-7DAE-4574-8B61-0B94C90ABBD2}"
EndProject
Global
	GlobalSection(SolutionConfigurationPlatforms) = preSolution
		Debug|Any CPU = Debug|Any CPU
		Release|Any CPU = Release|Any CPU
	EndGlobalSection
	GlobalSection(ProjectConfigurationPlatforms) = postSolution
		{B1EFFAF9-7DAE-4574-8B61-0B94C90ABBD2}.Debug|Any CPU.ActiveCfg = Debug|Any CPU
		{B1EFFAF9-7DAE-4574-8B61-0B94C90ABBD2}.Debug|Any CPU.Build.0 = Debug|Any CPU
		{B1EFFAF9-7DAE-4574-8B61-0B94C90ABBD2}.Release|Any CPU.ActiveCfg = Release|Any CPU
		{B1EFFAF9-7DAE-4574-8B61-0B94C90ABBD2}.Release|Any CPU.Build.0 = Release|Any CPU
	EndGlobalSection
	GlobalSection(SolutionProperties) = preSolution
		HideSolutionNode = FALSE
	EndGlobalSection
	GlobalSection(ExtensibilityGlobals) = postSolution
		SolutionGuid = {011C6821-3E72-4197-BD7C-7B36CDEDDA6D}
	EndGlobalSection
EndGlobal
